
Microsoft Visual Studio Solution File, Format Version 12.00
# Visual Studio 15
VisualStudioVersion = 15.0.28010.2003
MinimumVisualStudioVersion = 10.0.40219.1
Project("{FAE04EC0-301F-11D3-BF4B-00C04F79EFBC}") = "PDEFP", "PDEFP\PDEFP.csproj", "{B1D8CDD1-39D0-4C05-BF5D-69D6C5966A72}"
EndProject
Global
	GlobalSection(SolutionConfigurationPlatforms) = preSolution
		Debug|Any CPU = Debug|Any CPU
		Release|Any CPU = Release|Any CPU
	EndGlobalSection
	GlobalSection(ProjectConfigurationPlatforms) = postSolution
		{B1D8CDD1-39D0-4C05-BF5D-69D6C5966A72}.Debug|Any CPU.ActiveCfg = Debug|Any CPU
		{B1D8CDD1-39D0-4C05-BF5D-69D6C5966A72}.Debug|Any CPU.Build.0 = Debug|Any CPU
		{B1D8CDD1-39D0-4C05-BF5D-69D6C5966A72}.Release|Any CPU.ActiveCfg = Release|Any CPU
		{B1D8CDD1-39D0-4C05-BF5D-69D6C5966A72}.Release|Any CPU.Build.0 = Release|Any CPU
	EndGlobalSection
	GlobalSection(SolutionProperties) = preSolution
		HideSolutionNode = FALSE
	EndGlobalSection
	GlobalSection(ExtensibilityGlobals) = postSolution
		SolutionGuid = {80A627FB-DDE6-453D-B8D7-48499318BE7F}
	EndGlobalSection
EndGlobal
