
Microsoft Visual Studio Solution File, Format Version 12.00
# Visual Studio 15
VisualStudioVersion = 15.0.28010.2003
MinimumVisualStudioVersion = 10.0.40219.1
Project("{FAE04EC0-301F-11D3-BF4B-00C04F79EFBC}") = "THIMB", "THIMB\THIMB.csproj", "{F7F72F10-EFCF-4155-B402-1F806B8A1F42}"
EndProject
Global
	GlobalSection(SolutionConfigurationPlatforms) = preSolution
		Debug|Any CPU = Debug|Any CPU
		Release|Any CPU = Release|Any CPU
	EndGlobalSection
	GlobalSection(ProjectConfigurationPlatforms) = postSolution
		{F7F72F10-EFCF-4155-B402-1F806B8A1F42}.Debug|Any CPU.ActiveCfg = Debug|Any CPU
		{F7F72F10-EFCF-4155-B402-1F806B8A1F42}.Debug|Any CPU.Build.0 = Debug|Any CPU
		{F7F72F10-EFCF-4155-B402-1F806B8A1F42}.Release|Any CPU.ActiveCfg = Release|Any CPU
		{F7F72F10-EFCF-4155-B402-1F806B8A1F42}.Release|Any CPU.Build.0 = Release|Any CPU
	EndGlobalSection
	GlobalSection(SolutionProperties) = preSolution
		HideSolutionNode = FALSE
	EndGlobalSection
	GlobalSection(ExtensibilityGlobals) = postSolution
		SolutionGuid = {16B39B60-8CFA-4082-8BEE-EE677CE48E82}
	EndGlobalSection
EndGlobal
