
Microsoft Visual Studio Solution File, Format Version 12.00
# Visual Studio 15
VisualStudioVersion = 15.0.28010.2003
MinimumVisualStudioVersion = 10.0.40219.1
Project("{FAE04EC0-301F-11D3-BF4B-00C04F79EFBC}") = "PNCH", "PNCH\PNCH.csproj", "{C4672C69-D6EA-41E7-9791-972A7F7C4F17}"
EndProject
Global
	GlobalSection(SolutionConfigurationPlatforms) = preSolution
		Debug|Any CPU = Debug|Any CPU
		Release|Any CPU = Release|Any CPU
	EndGlobalSection
	GlobalSection(ProjectConfigurationPlatforms) = postSolution
		{C4672C69-D6EA-41E7-9791-972A7F7C4F17}.Debug|Any CPU.ActiveCfg = Debug|Any CPU
		{C4672C69-D6EA-41E7-9791-972A7F7C4F17}.Debug|Any CPU.Build.0 = Debug|Any CPU
		{C4672C69-D6EA-41E7-9791-972A7F7C4F17}.Release|Any CPU.ActiveCfg = Release|Any CPU
		{C4672C69-D6EA-41E7-9791-972A7F7C4F17}.Release|Any CPU.Build.0 = Release|Any CPU
	EndGlobalSection
	GlobalSection(SolutionProperties) = preSolution
		HideSolutionNode = FALSE
	EndGlobalSection
	GlobalSection(ExtensibilityGlobals) = postSolution
		SolutionGuid = {6836BF6C-B4D0-4388-B78E-4837E1BAE9F0}
	EndGlobalSection
EndGlobal
